
Microsoft Visual Studio Solution File, Format Version 12.00
# Visual Studio Version 17
VisualStudioVersion = 17.4.33110.190
MinimumVisualStudioVersion = 10.0.40219.1
Project("{FAE04EC0-301F-11D3-BF4B-00C04F79EFBC}") = "CourseLibrary.API", "CourseLibrary.API\CourseLibrary.API.csproj", "{9C4D9AE3-DAC1-489B-895A-7D5A95D181C2}"
EndProject
Global
	GlobalSection(SolutionConfigurationPlatforms) = preSolution
		Debug|Any CPU = Debug|Any CPU
		Release|Any CPU = Release|Any CPU
	EndGlobalSection
	GlobalSection(ProjectConfigurationPlatforms) = postSolution
		{9C4D9AE3-DAC1-489B-895A-7D5A95D181C2}.Debug|Any CPU.ActiveCfg = Debug|Any CPU
		{9C4D9AE3-DAC1-489B-895A-7D5A95D181C2}.Debug|Any CPU.Build.0 = Debug|Any CPU
		{9C4D9AE3-DAC1-489B-895A-7D5A95D181C2}.Release|Any CPU.ActiveCfg = Release|Any CPU
		{9C4D9AE3-DAC1-489B-895A-7D5A95D181C2}.Release|Any CPU.Build.0 = Release|Any CPU
	EndGlobalSection
	GlobalSection(SolutionProperties) = preSolution
		HideSolutionNode = FALSE
	EndGlobalSection
	GlobalSection(ExtensibilityGlobals) = postSolution
		SolutionGuid = {137E3797-4CEE-4294-889C-D24E73D27F52}
	EndGlobalSection
EndGlobal
